
Microsoft Visual Studio Solution File, Format Version 12.00
# Visual Studio Version 17
VisualStudioVersion = 17.14.36908.2 d17.14
MinimumVisualStudioVersion = 10.0.40219.1
Project("{FAE04EC0-301F-11D3-BF4B-00C04F79EFBC}") = "MovieTracker", "MovieTracker\MovieTracker.csproj", "{7B2C2015-F8E0-420B-8D90-A03814FAF275}"
EndProject
Global
	GlobalSection(SolutionConfigurationPlatforms) = preSolution
		Debug|Any CPU = Debug|Any CPU
		Release|Any CPU = Release|Any CPU
	EndGlobalSection
	GlobalSection(ProjectConfigurationPlatforms) = postSolution
		{7B2C2015-F8E0-420B-8D90-A03814FAF275}.Debug|Any CPU.ActiveCfg = Debug|Any CPU
		{7B2C2015-F8E0-420B-8D90-A03814FAF275}.Debug|Any CPU.Build.0 = Debug|Any CPU
		{7B2C2015-F8E0-420B-8D90-A03814FAF275}.Release|Any CPU.ActiveCfg = Release|Any CPU
		{7B2C2015-F8E0-420B-8D90-A03814FAF275}.Release|Any CPU.Build.0 = Release|Any CPU
	EndGlobalSection
	GlobalSection(SolutionProperties) = preSolution
		HideSolutionNode = FALSE
	EndGlobalSection
	GlobalSection(ExtensibilityGlobals) = postSolution
		SolutionGuid = {086AA3DD-46A2-426E-B01A-0A701466FF13}
	EndGlobalSection
EndGlobal
